lockfileVersion: '9.0'

settings:
  autoInstallPeers: true
  excludeLinksFromLockfile: false

importers:

  .:
    dependencies:
      '@types/sortablejs':
        specifier: ^1.15.8
        version: 1.15.9
      mu-widget:
        specifier: ^2.18.1
        version: 2.30.1
      sortablejs:
        specifier: ^1.15.3
        version: 1.15.7
      tom-select:
        specifier: ^2.3.1
        version: 2.6.1

packages:

  '@orchidjs/sifter@1.1.0':
    resolution: {integrity: sha512-mYwHCfr736cIWWdhhSZvDbf90AKt2xyrJspKFC3qyIJG1LtrJeJunYEqCGG4Aq2ijENbc4WkOjszcvNaIAS/pQ==}

  '@orchidjs/unicode-variants@1.1.2':
    resolution: {integrity: sha512-5DobW1CHgnBROOEpFlEXytED5OosEWESFvg/VYmH0143oXcijYTprRYJTs+55HzGM4IqxiLFSuqEzu9mPNwVsA==}

  '@types/sortablejs@1.15.9':
    resolution: {integrity: sha512-7HP+rZGE2p886PKV9c9OJzLBI6BBJu1O7lJGYnPyG3fS4/duUCcngkNCjsLwIMV+WMqANe3tt4irrXHSIe68OQ==}

  mu-js-utils@1.16.0:
    resolution: {integrity: sha512-NgeuUYqzbnt7Y3eth/ebrIBK2WnRIV0Z1wnN89CmEGKW2cvyktFnCOM/D63ZcOLRS1qHQIJgfusxGjU+pa8dow==}

  mu-widget@2.30.1:
    resolution: {integrity: sha512-r+tkwG5txQVRsOyGjFk9t4xAtbDBl+bCaHQX37B89j/barkC/hA1FqMdLwb2OkIcb3vIbV9a0536KAtw66Vgxw==}
    hasBin: true

  sortablejs@1.15.7:
    resolution: {integrity: sha512-Kk8wLQPlS+yi1ZEf48a4+fzHa4yxjC30M/Sr2AnQu+f/MPwvvX9XjZ6OWejiz8crBsLwSq8GHqaxaET7u6ux0A==}

  tom-select@2.6.1:
    resolution: {integrity: sha512-d/1kngVOQTGcI/2pVDfDLYjtjUgSSd3fSgkYUpi0y+yRtQQu2kzljj3aUdqMfqc45cjPvDEpfDt/hSX4awDFTg==}

snapshots:

  '@orchidjs/sifter@1.1.0':
    dependencies:
      '@orchidjs/unicode-variants': 1.1.2

  '@orchidjs/unicode-variants@1.1.2': {}

  '@types/sortablejs@1.15.9': {}

  mu-js-utils@1.16.0: {}

  mu-widget@2.30.1:
    dependencies:
      mu-js-utils: 1.16.0

  sortablejs@1.15.7: {}

  tom-select@2.6.1:
    dependencies:
      '@orchidjs/sifter': 1.1.0
      '@orchidjs/unicode-variants': 1.1.2
